
Microsoft Visual Studio Solution File, Format Version 12.00
# Visual Studio Version 17
VisualStudioVersion = 17.5.33530.505
MinimumVisualStudioVersion = 10.0.40219.1
Project("{FAE04EC0-301F-11D3-BF4B-00C04F79EFBC}") = "ventana2_lab3", "ventana2_lab3\ventana2_lab3.csproj", "{2DDFB177-F0C9-4F29-A5B4-BBA917B5E640}"
EndProject
Global
	GlobalSection(SolutionConfigurationPlatforms) = preSolution
		Debug|Any CPU = Debug|Any CPU
		Release|Any CPU = Release|Any CPU
	EndGlobalSection
	GlobalSection(ProjectConfigurationPlatforms) = postSolution
		{2DDFB177-F0C9-4F29-A5B4-BBA917B5E640}.Debug|Any CPU.ActiveCfg = Debug|Any CPU
		{2DDFB177-F0C9-4F29-A5B4-BBA917B5E640}.Debug|Any CPU.Build.0 = Debug|Any CPU
		{2DDFB177-F0C9-4F29-A5B4-BBA917B5E640}.Release|Any CPU.ActiveCfg = Release|Any CPU
		{2DDFB177-F0C9-4F29-A5B4-BBA917B5E640}.Release|Any CPU.Build.0 = Release|Any CPU
	EndGlobalSection
	GlobalSection(SolutionProperties) = preSolution
		HideSolutionNode = FALSE
	EndGlobalSection
	GlobalSection(ExtensibilityGlobals) = postSolution
		SolutionGuid = {117CA57B-5473-4CD1-BF18-42602755EFC2}
	EndGlobalSection
EndGlobal
